
Microsoft Visual Studio Solution File, Format Version 12.00
# Visual Studio Version 17
VisualStudioVersion = 17.11.35208.52
MinimumVisualStudioVersion = 10.0.40219.1
Project("{FAE04EC0-301F-11D3-BF4B-00C04F79EFBC}") = "HigherOrderFunctions", "HigherOrderFunctions.csproj", "{43BC439E-1EB9-488C-A6A4-0B296C922B1E}"
EndProject
Global
	GlobalSection(SolutionConfigurationPlatforms) = preSolution
		Debug|Any CPU = Debug|Any CPU
		Release|Any CPU = Release|Any CPU
	EndGlobalSection
	GlobalSection(ProjectConfigurationPlatforms) = postSolution
		{43BC439E-1EB9-488C-A6A4-0B296C922B1E}.Debug|Any CPU.ActiveCfg = Debug|Any CPU
		{43BC439E-1EB9-488C-A6A4-0B296C922B1E}.Debug|Any CPU.Build.0 = Debug|Any CPU
		{43BC439E-1EB9-488C-A6A4-0B296C922B1E}.Release|Any CPU.ActiveCfg = Release|Any CPU
		{43BC439E-1EB9-488C-A6A4-0B296C922B1E}.Release|Any CPU.Build.0 = Release|Any CPU
	EndGlobalSection
	GlobalSection(SolutionProperties) = preSolution
		HideSolutionNode = FALSE
	EndGlobalSection
	GlobalSection(ExtensibilityGlobals) = postSolution
		SolutionGuid = {206A429F-579C-44D0-AD06-7AF02F68F127}
	EndGlobalSection
EndGlobal
